
Microsoft Visual Studio Solution File, Format Version 12.00
# Visual Studio Version 16
VisualStudioVersion = 16.0.31112.23
MinimumVisualStudioVersion = 10.0.40219.1
Project("{9A19103F-16F7-4668-BE54-9A1E7A4F7556}") = "Calabonga.Facts.Web", "Calabonga.Facts.Web\Calabonga.Facts.Web.csproj", "{1D6B0B7A-6422-40DC-9D72-3436C6383805}"
EndProject
Project("{FAE04EC0-301F-11D3-BF4B-00C04F79EFBC}") = "Calabonga.Facts.Web.Tests", "Calabonga.Facts.Web.Tests\Calabonga.Facts.Web.Tests.csproj", "{E815D201-A203-48AD-8EAB-300D6059C837}"
EndProject
Global
	GlobalSection(SolutionConfigurationPlatforms) = preSolution
		Debug|Any CPU = Debug|Any CPU
		Release|Any CPU = Release|Any CPU
	EndGlobalSection
	GlobalSection(ProjectConfigurationPlatforms) = postSolution
		{1D6B0B7A-6422-40DC-9D72-3436C6383805}.Debug|Any CPU.ActiveCfg = Debug|Any CPU
		{1D6B0B7A-6422-40DC-9D72-3436C6383805}.Debug|Any CPU.Build.0 = Debug|Any CPU
		{1D6B0B7A-6422-40DC-9D72-3436C6383805}.Release|Any CPU.ActiveCfg = Release|Any CPU
		{1D6B0B7A-6422-40DC-9D72-3436C6383805}.Release|Any CPU.Build.0 = Release|Any CPU
		{E815D201-A203-48AD-8EAB-300D6059C837}.Debug|Any CPU.ActiveCfg = Debug|Any CPU
		{E815D201-A203-48AD-8EAB-300D6059C837}.Debug|Any CPU.Build.0 = Debug|Any CPU
		{E815D201-A203-48AD-8EAB-300D6059C837}.Release|Any CPU.ActiveCfg = Release|Any CPU
		{E815D201-A203-48AD-8EAB-300D6059C837}.Release|Any CPU.Build.0 = Release|Any CPU
	EndGlobalSection
	GlobalSection(SolutionProperties) = preSolution
		HideSolutionNode = FALSE
	EndGlobalSection
	GlobalSection(ExtensibilityGlobals) = postSolution
		SolutionGuid = {8B64B1FE-77EE-44EE-8931-4F54B5B62919}
	EndGlobalSection
EndGlobal
